// !$*UTF8*$!
{
	archiveVersion = 1;
	classes = {
	};
	objectVersion = 56;
	objects = {

/* Begin PBXBuildFile section */
		74C35B842B9B0C2200085B09 /* AppDelegate.swift in Sources */ = {isa = PBXBuildFile; fileRef = 74C35B832B9B0C2200085B09 /* AppDelegate.swift */; };
		74C35B862B9B0C2200085B09 /* SceneDelegate.swift in Sources */ = {isa = PBXBuildFile; fileRef = 74C35B852B9B0C2200085B09 /* SceneDelegate.swift */; };
		74C35B882B9B0C2200085B09 /* OnboardingController.swift in Sources */ = {isa = PBXBuildFile; fileRef = 74C35B872B9B0C2200085B09 /* OnboardingController.swift */; };
		74C35B8B2B9B0C2200085B09 /* Main.storyboard in Resources */ = {isa = PBXBuildFile; fileRef = 74C35B892B9B0C2200085B09 /* Main.storyboard */; };
		74C35B8D2B9B0C2400085B09 /* Assets.xcassets in Resources */ = {isa = PBXBuildFile; fileRef = 74C35B8C2B9B0C2400085B09 /* Assets.xcassets */; };
		74C35B902B9B0C2400085B09 /* LaunchScreen.storyboard in Resources */ = {isa = PBXBuildFile; fileRef = 74C35B8E2B9B0C2400085B09 /* LaunchScreen.storyboard */; };
		74C35B9B2B9B0C2400085B09 /* Locco_sliderTests.swift in Sources */ = {isa = PBXBuildFile; fileRef = 74C35B9A2B9B0C2400085B09 /* Locco_sliderTests.swift */; };
		74C35BA52B9B0C2400085B09 /* Locco_sliderUITests.swift in Sources */ = {isa = PBXBuildFile; fileRef = 74C35BA42B9B0C2400085B09 /* Locco_sliderUITests.swift */; };
		74C35BA72B9B0C2400085B09 /* Locco_sliderUITestsLaunchTests.swift in Sources */ = {isa = PBXBuildFile; fileRef = 74C35BA62B9B0C2400085B09 /* Locco_sliderUITestsLaunchTests.swift */; };
		74C35BB72B9B295D00085B09 /* CollectionViewCell.swift in Sources */ = {isa = PBXBuildFile; fileRef = 74C35BB52B9B295D00085B09 /* CollectionViewCell.swift */; };
		74C35BB82B9B295D00085B09 /* CollectionViewCell.xib in Resources */ = {isa = PBXBuildFile; fileRef = 74C35BB62B9B295D00085B09 /* CollectionViewCell.xib */; };
		74DD21D22B9ED33B0048ED53 /* OFL.txt in Resources */ = {isa = PBXBuildFile; fileRef = 74DD21CD2B9ED33B0048ED53 /* OFL.txt */; };
		74DD21D32B9ED33B0048ED53 /* LondrinaSolid-Black.ttf in Resources */ = {isa = PBXBuildFile; fileRef = 74DD21CE2B9ED33B0048ED53 /* LondrinaSolid-Black.ttf */; };
		74DD21D42B9ED33B0048ED53 /* LondrinaSolid-Regular.ttf in Resources */ = {isa = PBXBuildFile; fileRef = 74DD21CF2B9ED33B0048ED53 /* LondrinaSolid-Regular.ttf */; };
		74DD21D52B9ED33B0048ED53 /* LondrinaSolid-Light.ttf in Resources */ = {isa = PBXBuildFile; fileRef = 74DD21D02B9ED33B0048ED53 /* LondrinaSolid-Light.ttf */; };
		74DD21D62B9ED33B0048ED53 /* LondrinaSolid-Thin.ttf in Resources */ = {isa = PBXBuildFile; fileRef = 74DD21D12B9ED33B0048ED53 /* LondrinaSolid-Thin.ttf */; };
		74DD21EA2B9ED3530048ED53 /* Metropolis-LightItalic.otf in Resources */ = {isa = PBXBuildFile; fileRef = 74DD21D72B9ED3520048ED53 /* Metropolis-LightItalic.otf */; };
		74DD21EB2B9ED3530048ED53 /* Metropolis-BlackItalic.otf in Resources */ = {isa = PBXBuildFile; fileRef = 74DD21D82B9ED3520048ED53 /* Metropolis-BlackItalic.otf */; };
		74DD21EC2B9ED3530048ED53 /* Metropolis-RegularItalic.otf in Resources */ = {isa = PBXBuildFile; fileRef = 74DD21D92B9ED3520048ED53 /* Metropolis-RegularItalic.otf */; };
		74DD21ED2B9ED3530048ED53 /* Metropolis-ThinItalic.otf in Resources */ = {isa = PBXBuildFile; fileRef = 74DD21DA2B9ED3520048ED53 /* Metropolis-ThinItalic.otf */; };
		74DD21EE2B9ED3530048ED53 /* Metropolis-BoldItalic.otf in Resources */ = {isa = PBXBuildFile; fileRef = 74DD21DB2B9ED3520048ED53 /* Metropolis-BoldItalic.otf */; };
		74DD21EF2B9ED3530048ED53 /* Metropolis-Light.otf in Resources */ = {isa = PBXBuildFile; fileRef = 74DD21DC2B9ED3520048ED53 /* Metropolis-Light.otf */; };
		74DD21F02B9ED3530048ED53 /* Metropolis-ExtraLightItalic.otf in Resources */ = {isa = PBXBuildFile; fileRef = 74DD21DD2B9ED3520048ED53 /* Metropolis-ExtraLightItalic.otf */; };
		74DD21F12B9ED3530048ED53 /* Metropolis-Bold.otf in Resources */ = {isa = PBXBuildFile; fileRef = 74DD21DE2B9ED3520048ED53 /* Metropolis-Bold.otf */; };
		74DD21F22B9ED3530048ED53 /* Metropolis-Black.otf in Resources */ = {isa = PBXBuildFile; fileRef = 74DD21DF2B9ED3520048ED53 /* Metropolis-Black.otf */; };
		74DD21F32B9ED3530048ED53 /* Metropolis-ExtraLight.otf in Resources */ = {isa = PBXBuildFile; fileRef = 74DD21E02B9ED3520048ED53 /* Metropolis-ExtraLight.otf */; };
		74DD21F42B9ED3530048ED53 /* Metropolis-ExtraBold.otf in Resources */ = {isa = PBXBuildFile; fileRef = 74DD21E12B9ED3520048ED53 /* Metropolis-ExtraBold.otf */; };
		74DD21F52B9ED3530048ED53 /* Metropolis-SemiBoldItalic.otf in Resources */ = {isa = PBXBuildFile; fileRef = 74DD21E22B9ED3520048ED53 /* Metropolis-SemiBoldItalic.otf */; };
		74DD21F62B9ED3530048ED53 /* SIL Open Font License.txt in Resources */ = {isa = PBXBuildFile; fileRef = 74DD21E32B9ED3520048ED53 /* SIL Open Font License.txt */; };
		74DD21F72B9ED3530048ED53 /* Metropolis-ExtraBoldItalic.otf in Resources */ = {isa = PBXBuildFile; fileRef = 74DD21E42B9ED3520048ED53 /* Metropolis-ExtraBoldItalic.otf */; };
		74DD21F82B9ED3530048ED53 /* Metropolis-SemiBold.otf in Resources */ = {isa = PBXBuildFile; fileRef = 74DD21E52B9ED3520048ED53 /* Metropolis-SemiBold.otf */; };
		74DD21F92B9ED3530048ED53 /* Metropolis-Regular.otf in Resources */ = {isa = PBXBuildFile; fileRef = 74DD21E62B9ED3520048ED53 /* Metropolis-Regular.otf */; };
		74DD21FA2B9ED3530048ED53 /* Metropolis-Thin.otf in Resources */ = {isa = PBXBuildFile; fileRef = 74DD21E72B9ED3520048ED53 /* Metropolis-Thin.otf */; };
		74DD21FB2B9ED3530048ED53 /* Metropolis-Medium.otf in Resources */ = {isa = PBXBuildFile; fileRef = 74DD21E82B9ED3520048ED53 /* Metropolis-Medium.otf */; };
		74DD21FC2B9ED3530048ED53 /* Metropolis-MediumItalic.otf in Resources */ = {isa = PBXBuildFile; fileRef = 74DD21E92B9ED3520048ED53 /* Metropolis-MediumItalic.otf */; };
		74DD22012B9EDC030048ED53 /* HomeScreenBentoboxController.swift in Sources */ = {isa = PBXBuildFile; fileRef = 74DD22002B9EDC030048ED53 /* HomeScreenBentoboxController.swift */; };
		74EFFCCD2B9B3A65003B03E4 /* OnboardData.swift in Sources */ = {isa = PBXBuildFile; fileRef = 74EFFCCC2B9B3A65003B03E4 /* OnboardData.swift */; };
		74EFFCCF2B9B3B18003B03E4 /* OnboardBrain.swift in Sources */ = {isa = PBXBuildFile; fileRef = 74EFFCCE2B9B3B18003B03E4 /* OnboardBrain.swift */; };
/* End PBXBuildFile section */

/* Begin PBXContainerItemProxy section */
		74C35B972B9B0C2400085B09 /* PBXContainerItemProxy */ = {
			isa = PBXContainerItemProxy;
			containerPortal = 74C35B782B9B0C2200085B09 /* Project object */;
			proxyType = 1;
			remoteGlobalIDString = 74C35B7F2B9B0C2200085B09;
			remoteInfo = "Locco slider";
		};
		74C35BA12B9B0C2400085B09 /* PBXContainerItemProxy */ = {
			isa = PBXContainerItemProxy;
			containerPortal = 74C35B782B9B0C2200085B09 /* Project object */;
			proxyType = 1;
			remoteGlobalIDString = 74C35B7F2B9B0C2200085B09;
			remoteInfo = "Locco slider";
		};
/* End PBXContainerItemProxy section */

/* Begin PBXFileReference section */
		74C35B802B9B0C2200085B09 /* Locco slider.app */ = {isa = PBXFileReference; explicitFileType = wrapper.application; includeInIndex = 0; path = "Locco slider.app"; sourceTree = BUILT_PRODUCTS_DIR; };
		74C35B832B9B0C2200085B09 /* AppDelegate.swift */ = {isa = PBXFileReference; lastKnownFileType = sourcecode.swift; path = AppDelegate.swift; sourceTree = "<group>"; };
		74C35B852B9B0C2200085B09 /* SceneDelegate.swift */ = {isa = PBXFileReference; lastKnownFileType = sourcecode.swift; path = SceneDelegate.swift; sourceTree = "<group>"; };
		74C35B872B9B0C2200085B09 /* OnboardingController.swift */ = {isa = PBXFileReference; lastKnownFileType = sourcecode.swift; path = OnboardingController.swift; sourceTree = "<group>"; };
		74C35B8A2B9B0C2200085B09 /* Base */ = {isa = PBXFileReference; lastKnownFileType = file.storyboard; name = Base; path = Base.lproj/Main.storyboard; sourceTree = "<group>"; };
		74C35B8C2B9B0C2400085B09 /* Assets.xcassets */ = {isa = PBXFileReference; lastKnownFileType = folder.assetcatalog; path = Assets.xcassets; sourceTree = "<group>"; };
		74C35B8F2B9B0C2400085B09 /* Base */ = {isa = PBXFileReference; lastKnownFileType = file.storyboard; name = Base; path = Base.lproj/LaunchScreen.storyboard; sourceTree = "<group>"; };
		74C35B912B9B0C2400085B09 /* Info.plist */ = {isa = PBXFileReference; lastKnownFileType = text.plist.xml; path = Info.plist; sourceTree = "<group>"; };
		74C35B962B9B0C2400085B09 /* Locco sliderTests.xctest */ = {isa = PBXFileReference; explicitFileType = wrapper.cfbundle; includeInIndex = 0; path = "Locco sliderTests.xctest"; sourceTree = BUILT_PRODUCTS_DIR; };
		74C35B9A2B9B0C2400085B09 /* Locco_sliderTests.swift */ = {isa = PBXFileReference; lastKnownFileType = sourcecode.swift; path = Locco_sliderTests.swift; sourceTree = "<group>"; };
		74C35BA02B9B0C2400085B09 /* Locco sliderUITests.xctest */ = {isa = PBXFileReference; explicitFileType = wrapper.cfbundle; includeInIndex = 0; path = "Locco sliderUITests.xctest"; sourceTree = BUILT_PRODUCTS_DIR; };
		74C35BA42B9B0C2400085B09 /* Locco_sliderUITests.swift */ = {isa = PBXFileReference; lastKnownFileType = sourcecode.swift; path = Locco_sliderUITests.swift; sourceTree = "<group>"; };
		74C35BA62B9B0C2400085B09 /* Locco_sliderUITestsLaunchTests.swift */ = {isa = PBXFileReference; lastKnownFileType = sourcecode.swift; path = Locco_sliderUITestsLaunchTests.swift; sourceTree = "<group>"; };
		74C35BB52B9B295D00085B09 /* CollectionViewCell.swift */ = {isa = PBXFileReference; lastKnownFileType = sourcecode.swift; path = CollectionViewCell.swift; sourceTree = "<group>"; };
		74C35BB62B9B295D00085B09 /* CollectionViewCell.xib */ = {isa = PBXFileReference; lastKnownFileType = file.xib; path = CollectionViewCell.xib; sourceTree = "<group>"; };
		74DD21CD2B9ED33B0048ED53 /* OFL.txt */ = {isa = PBXFileReference; fileEncoding = 4; lastKnownFileType = text; path = OFL.txt; sourceTree = "<group>"; };
		74DD21CE2B9ED33B0048ED53 /* LondrinaSolid-Black.ttf */ = {isa = PBXFileReference; lastKnownFileType = file; path = "LondrinaSolid-Black.ttf"; sourceTree = "<group>"; };
		74DD21CF2B9ED33B0048ED53 /* LondrinaSolid-Regular.ttf */ = {isa = PBXFileReference; lastKnownFileType = file; path = "LondrinaSolid-Regular.ttf"; sourceTree = "<group>"; };
		74DD21D02B9ED33B0048ED53 /* LondrinaSolid-Light.ttf */ = {isa = PBXFileReference; lastKnownFileType = file; path = "LondrinaSolid-Light.ttf"; sourceTree = "<group>"; };
		74DD21D12B9ED33B0048ED53 /* LondrinaSolid-Thin.ttf */ = {isa = PBXFileReference; lastKnownFileType = file; path = "LondrinaSolid-Thin.ttf"; sourceTree = "<group>"; };
		74DD21D72B9ED3520048ED53 /* Metropolis-LightItalic.otf */ = {isa = PBXFileReference; lastKnownFileType = file; path = "Metropolis-LightItalic.otf"; sourceTree = "<group>"; };
		74DD21D82B9ED3520048ED53 /* Metropolis-BlackItalic.otf */ = {isa = PBXFileReference; lastKnownFileType = file; path = "Metropolis-BlackItalic.otf"; sourceTree = "<group>"; };
		74DD21D92B9ED3520048ED53 /* Metropolis-RegularItalic.otf */ = {isa = PBXFileReference; lastKnownFileType = file; path = "Metropolis-RegularItalic.otf"; sourceTree = "<group>"; };
		74DD21DA2B9ED3520048ED53 /* Metropolis-ThinItalic.otf */ = {isa = PBXFileReference; lastKnownFileType = file; path = "Metropolis-ThinItalic.otf"; sourceTree = "<group>"; };
		74DD21DB2B9ED3520048ED53 /* Metropolis-BoldItalic.otf */ = {isa = PBXFileReference; lastKnownFileType = file; path = "Metropolis-BoldItalic.otf"; sourceTree = "<group>"; };
		74DD21DC2B9ED3520048ED53 /* Metropolis-Light.otf */ = {isa = PBXFileReference; lastKnownFileType = file; path = "Metropolis-Light.otf"; sourceTree = "<group>"; };
		74DD21DD2B9ED3520048ED53 /* Metropolis-ExtraLightItalic.otf */ = {isa = PBXFileReference; lastKnownFileType = file; path = "Metropolis-ExtraLightItalic.otf"; sourceTree = "<group>"; };
		74DD21DE2B9ED3520048ED53 /* Metropolis-Bold.otf */ = {isa = PBXFileReference; lastKnownFileType = file; path = "Metropolis-Bold.otf"; sourceTree = "<group>"; };
		74DD21DF2B9ED3520048ED53 /* Metropolis-Black.otf */ = {isa = PBXFileReference; lastKnownFileType = file; path = "Metropolis-Black.otf"; sourceTree = "<group>"; };
		74DD21E02B9ED3520048ED53 /* Metropolis-ExtraLight.otf */ = {isa = PBXFileReference; lastKnownFileType = file; path = "Metropolis-ExtraLight.otf"; sourceTree = "<group>"; };
		74DD21E12B9ED3520048ED53 /* Metropolis-ExtraBold.otf */ = {isa = PBXFileReference; lastKnownFileType = file; path = "Metropolis-ExtraBold.otf"; sourceTree = "<group>"; };
		74DD21E22B9ED3520048ED53 /* Metropolis-SemiBoldItalic.otf */ = {isa = PBXFileReference; lastKnownFileType = file; path = "Metropolis-SemiBoldItalic.otf"; sourceTree = "<group>"; };
		74DD21E32B9ED3520048ED53 /* SIL Open Font License.txt */ = {isa = PBXFileReference; fileEncoding = 4; lastKnownFileType = text; path = "SIL Open Font License.txt"; sourceTree = "<group>"; };
		74DD21E42B9ED3520048ED53 /* Metropolis-ExtraBoldItalic.otf */ = {isa = PBXFileReference; lastKnownFileType = file; path = "Metropolis-ExtraBoldItalic.otf"; sourceTree = "<group>"; };
		74DD21E52B9ED3520048ED53 /* Metropolis-SemiBold.otf */ = {isa = PBXFileReference; lastKnownFileType = file; path = "Metropolis-SemiBold.otf"; sourceTree = "<group>"; };
		74DD21E62B9ED3520048ED53 /* Metropolis-Regular.otf */ = {isa = PBXFileReference; lastKnownFileType = file; path = "Metropolis-Regular.otf"; sourceTree = "<group>"; };
		74DD21E72B9ED3520048ED53 /* Metropolis-Thin.otf */ = {isa = PBXFileReference; lastKnownFileType = file; path = "Metropolis-Thin.otf"; sourceTree = "<group>"; };
		74DD21E82B9ED3520048ED53 /* Metropolis-Medium.otf */ = {isa = PBXFileReference; lastKnownFileType = file; path = "Metropolis-Medium.otf"; sourceTree = "<group>"; };
		74DD21E92B9ED3520048ED53 /* Metropolis-MediumItalic.otf */ = {isa = PBXFileReference; lastKnownFileType = file; path = "Metropolis-MediumItalic.otf"; sourceTree = "<group>"; };
		74DD22002B9EDC030048ED53 /* HomeScreenBentoboxController.swift */ = {isa = PBXFileReference; lastKnownFileType = sourcecode.swift; path = HomeScreenBentoboxController.swift; sourceTree = "<group>"; };
		74EFFCCC2B9B3A65003B03E4 /* OnboardData.swift */ = {isa = PBXFileReference; lastKnownFileType = sourcecode.swift; path = OnboardData.swift; sourceTree = "<group>"; };
		74EFFCCE2B9B3B18003B03E4 /* OnboardBrain.swift */ = {isa = PBXFileReference; lastKnownFileType = sourcecode.swift; path = OnboardBrain.swift; sourceTree = "<group>"; };
/* End PBXFileReference section */

/* Begin PBXFrameworksBuildPhase section */
		74C35B7D2B9B0C2200085B09 /* Frameworks */ = {
			isa = PBXFrameworksBuildPhase;
			buildActionMask = 2147483647;
			files = (
			);
			runOnlyForDeploymentPostprocessing = 0;
		};
		74C35B932B9B0C2400085B09 /* Frameworks */ = {
			isa = PBXFrameworksBuildPhase;
			buildActionMask = 2147483647;
			files = (
			);
			runOnlyForDeploymentPostprocessing = 0;
		};
		74C35B9D2B9B0C2400085B09 /* Frameworks */ = {
			isa = PBXFrameworksBuildPhase;
			buildActionMask = 2147483647;
			files = (
			);
			runOnlyForDeploymentPostprocessing = 0;
		};
/* End PBXFrameworksBuildPhase section */

/* Begin PBXGroup section */
		74C35B772B9B0C2200085B09 = {
			isa = PBXGroup;
			children = (
				74C35B822B9B0C2200085B09 /* Locco slider */,
				74C35B992B9B0C2400085B09 /* Locco sliderTests */,
				74C35BA32B9B0C2400085B09 /* Locco sliderUITests */,
				74C35B812B9B0C2200085B09 /* Products */,
			);
			sourceTree = "<group>";
		};
		74C35B812B9B0C2200085B09 /* Products */ = {
			isa = PBXGroup;
			children = (
				74C35B802B9B0C2200085B09 /* Locco slider.app */,
				74C35B962B9B0C2400085B09 /* Locco sliderTests.xctest */,
				74C35BA02B9B0C2400085B09 /* Locco sliderUITests.xctest */,
			);
			name = Products;
			sourceTree = "<group>";
		};
		74C35B822B9B0C2200085B09 /* Locco slider */ = {
			isa = PBXGroup;
			children = (
				74DD21CB2B9ED2F40048ED53 /* assets */,
				74C35B832B9B0C2200085B09 /* AppDelegate.swift */,
				74C35B852B9B0C2200085B09 /* SceneDelegate.swift */,
				74DD21FD2B9ED8220048ED53 /* Model */,
				74DD21FE2B9ED84A0048ED53 /* View */,
				74DD21FF2B9ED86C0048ED53 /* Controller */,
				74C35B8C2B9B0C2400085B09 /* Assets.xcassets */,
				74C35B912B9B0C2400085B09 /* Info.plist */,
			);
			path = "Locco slider";
			sourceTree = "<group>";
		};
		74C35B992B9B0C2400085B09 /* Locco sliderTests */ = {
			isa = PBXGroup;
			children = (
				74C35B9A2B9B0C2400085B09 /* Locco_sliderTests.swift */,
			);
			path = "Locco sliderTests";
			sourceTree = "<group>";
		};
		74C35BA32B9B0C2400085B09 /* Locco sliderUITests */ = {
			isa = PBXGroup;
			children = (
				74C35BA42B9B0C2400085B09 /* Locco_sliderUITests.swift */,
				74C35BA62B9B0C2400085B09 /* Locco_sliderUITestsLaunchTests.swift */,
			);
			path = "Locco sliderUITests";
			sourceTree = "<group>";
		};
		74DD21CB2B9ED2F40048ED53 /* assets */ = {
			isa = PBXGroup;
			children = (
				74DD21CC2B9ED3040048ED53 /* fonts */,
			);
			path = assets;
			sourceTree = "<group>";
		};
		74DD21CC2B9ED3040048ED53 /* fonts */ = {
			isa = PBXGroup;
			children = (
				74DD21DF2B9ED3520048ED53 /* Metropolis-Black.otf */,
				74DD21D82B9ED3520048ED53 /* Metropolis-BlackItalic.otf */,
				74DD21DE2B9ED3520048ED53 /* Metropolis-Bold.otf */,
				74DD21DB2B9ED3520048ED53 /* Metropolis-BoldItalic.otf */,
				74DD21E12B9ED3520048ED53 /* Metropolis-ExtraBold.otf */,
				74DD21E42B9ED3520048ED53 /* Metropolis-ExtraBoldItalic.otf */,
				74DD21E02B9ED3520048ED53 /* Metropolis-ExtraLight.otf */,
				74DD21DD2B9ED3520048ED53 /* Metropolis-ExtraLightItalic.otf */,
				74DD21DC2B9ED3520048ED53 /* Metropolis-Light.otf */,
				74DD21D72B9ED3520048ED53 /* Metropolis-LightItalic.otf */,
				74DD21E82B9ED3520048ED53 /* Metropolis-Medium.otf */,
				74DD21E92B9ED3520048ED53 /* Metropolis-MediumItalic.otf */,
				74DD21E62B9ED3520048ED53 /* Metropolis-Regular.otf */,
				74DD21D92B9ED3520048ED53 /* Metropolis-RegularItalic.otf */,
				74DD21E52B9ED3520048ED53 /* Metropolis-SemiBold.otf */,
				74DD21E22B9ED3520048ED53 /* Metropolis-SemiBoldItalic.otf */,
				74DD21E72B9ED3520048ED53 /* Metropolis-Thin.otf */,
				74DD21DA2B9ED3520048ED53 /* Metropolis-ThinItalic.otf */,
				74DD21E32B9ED3520048ED53 /* SIL Open Font License.txt */,
				74DD21CE2B9ED33B0048ED53 /* LondrinaSolid-Black.ttf */,
				74DD21D02B9ED33B0048ED53 /* LondrinaSolid-Light.ttf */,
				74DD21CF2B9ED33B0048ED53 /* LondrinaSolid-Regular.ttf */,
				74DD21D12B9ED33B0048ED53 /* LondrinaSolid-Thin.ttf */,
				74DD21CD2B9ED33B0048ED53 /* OFL.txt */,
			);
			path = fonts;
			sourceTree = "<group>";
		};
		74DD21FD2B9ED8220048ED53 /* Model */ = {
			isa = PBXGroup;
			children = (
				74EFFCCC2B9B3A65003B03E4 /* OnboardData.swift */,
				74EFFCCE2B9B3B18003B03E4 /* OnboardBrain.swift */,
			);
			path = Model;
			sourceTree = "<group>";
		};
		74DD21FE2B9ED84A0048ED53 /* View */ = {
			isa = PBXGroup;
			children = (
				74C35B892B9B0C2200085B09 /* Main.storyboard */,
				74C35B8E2B9B0C2400085B09 /* LaunchScreen.storyboard */,
				74C35BB62B9B295D00085B09 /* CollectionViewCell.xib */,
			);
			path = View;
			sourceTree = "<group>";
		};
		74DD21FF2B9ED86C0048ED53 /* Controller */ = {
			isa = PBXGroup;
			children = (
				74C35B872B9B0C2200085B09 /* OnboardingController.swift */,
				74C35BB52B9B295D00085B09 /* CollectionViewCell.swift */,
				74DD22002B9EDC030048ED53 /* HomeScreenBentoboxController.swift */,
			);
			path = Controller;
			sourceTree = "<group>";
		};
/* End PBXGroup section */

/* Begin PBXNativeTarget section */
		74C35B7F2B9B0C2200085B09 /* Locco slider */ = {
			isa = PBXNativeTarget;
			buildConfigurationList = 74C35BAA2B9B0C2400085B09 /* Build configuration list for PBXNativeTarget "Locco slider" */;
			buildPhases = (
				74C35B7C2B9B0C2200085B09 /* Sources */,
				74C35B7D2B9B0C2200085B09 /* Frameworks */,
				74C35B7E2B9B0C2200085B09 /* Resources */,
			);
			buildRules = (
			);
			dependencies = (
			);
			name = "Locco slider";
			productName = "Locco slider";
			productReference = 74C35B802B9B0C2200085B09 /* Locco slider.app */;
			productType = "com.apple.product-type.application";
		};
		74C35B952B9B0C2400085B09 /* Locco sliderTests */ = {
			isa = PBXNativeTarget;
			buildConfigurationList = 74C35BAD2B9B0C2400085B09 /* Build configuration list for PBXNativeTarget "Locco sliderTests" */;
			buildPhases = (
				74C35B922B9B0C2400085B09 /* Sources */,
				74C35B932B9B0C2400085B09 /* Frameworks */,
				74C35B942B9B0C2400085B09 /* Resources */,
			);
			buildRules = (
			);
			dependencies = (
				74C35B982B9B0C2400085B09 /* PBXTargetDependency */,
			);
			name = "Locco sliderTests";
			productName = "Locco sliderTests";
			productReference = 74C35B962B9B0C2400085B09 /* Locco sliderTests.xctest */;
			productType = "com.apple.product-type.bundle.unit-test";
		};
		74C35B9F2B9B0C2400085B09 /* Locco sliderUITests */ = {
			isa = PBXNativeTarget;
			buildConfigurationList = 74C35BB02B9B0C2400085B09 /* Build configuration list for PBXNativeTarget "Locco sliderUITests" */;
			buildPhases = (
				74C35B9C2B9B0C2400085B09 /* Sources */,
				74C35B9D2B9B0C2400085B09 /* Frameworks */,
				74C35B9E2B9B0C2400085B09 /* Resources */,
			);
			buildRules = (
			);
			dependencies = (
				74C35BA22B9B0C2400085B09 /* PBXTargetDependency */,
			);
			name = "Locco sliderUITests";
			productName = "Locco sliderUITests";
			productReference = 74C35BA02B9B0C2400085B09 /* Locco sliderUITests.xctest */;
			productType = "com.apple.product-type.bundle.ui-testing";
		};
/* End PBXNativeTarget section */

/* Begin PBXProject section */
		74C35B782B9B0C2200085B09 /* Project object */ = {
			isa = PBXProject;
			attributes = {
				BuildIndependentTargetsInParallel = 1;
				LastSwiftUpdateCheck = 1520;
				LastUpgradeCheck = 1520;
				TargetAttributes = {
					74C35B7F2B9B0C2200085B09 = {
						CreatedOnToolsVersion = 15.2;
					};
					74C35B952B9B0C2400085B09 = {
						CreatedOnToolsVersion = 15.2;
						TestTargetID = 74C35B7F2B9B0C2200085B09;
					};
					74C35B9F2B9B0C2400085B09 = {
						CreatedOnToolsVersion = 15.2;
						TestTargetID = 74C35B7F2B9B0C2200085B09;
					};
				};
			};
			buildConfigurationList = 74C35B7B2B9B0C2200085B09 /* Build configuration list for PBXProject "Locco slider" */;
			compatibilityVersion = "Xcode 14.0";
			developmentRegion = en;
			hasScannedForEncodings = 0;
			knownRegions = (
				en,
				Base,
			);
			mainGroup = 74C35B772B9B0C2200085B09;
			productRefGroup = 74C35B812B9B0C2200085B09 /* Products */;
			projectDirPath = "";
			projectRoot = "";
			targets = (
				74C35B7F2B9B0C2200085B09 /* Locco slider */,
				74C35B952B9B0C2400085B09 /* Locco sliderTests */,
				74C35B9F2B9B0C2400085B09 /* Locco sliderUITests */,
			);
		};
/* End PBXProject section */

/* Begin PBXResourcesBuildPhase section */
		74C35B7E2B9B0C2200085B09 /* Resources */ = {
			isa = PBXResourcesBuildPhase;
			buildActionMask = 2147483647;
			files = (
				74DD21EE2B9ED3530048ED53 /* Metropolis-BoldItalic.otf in Resources */,
				74DD21FB2B9ED3530048ED53 /* Metropolis-Medium.otf in Resources */,
				74DD21F62B9ED3530048ED53 /* SIL Open Font License.txt in Resources */,
				74DD21D22B9ED33B0048ED53 /* OFL.txt in Resources */,
				74DD21F32B9ED3530048ED53 /* Metropolis-ExtraLight.otf in Resources */,
				74DD21D32B9ED33B0048ED53 /* LondrinaSolid-Black.ttf in Resources */,
				74DD21F02B9ED3530048ED53 /* Metropolis-ExtraLightItalic.otf in Resources */,
				74DD21EC2B9ED3530048ED53 /* Metropolis-RegularItalic.otf in Resources */,
				74DD21F22B9ED3530048ED53 /* Metropolis-Black.otf in Resources */,
				74DD21F42B9ED3530048ED53 /* Metropolis-ExtraBold.otf in Resources */,
				74DD21D52B9ED33B0048ED53 /* LondrinaSolid-Light.ttf in Resources */,
				74C35B902B9B0C2400085B09 /* LaunchScreen.storyboard in Resources */,
				74C35B8D2B9B0C2400085B09 /* Assets.xcassets in Resources */,
				74DD21D62B9ED33B0048ED53 /* LondrinaSolid-Thin.ttf in Resources */,
				74DD21F12B9ED3530048ED53 /* Metropolis-Bold.otf in Resources */,
				74DD21FA2B9ED3530048ED53 /* Metropolis-Thin.otf in Resources */,
				74DD21ED2B9ED3530048ED53 /* Metropolis-ThinItalic.otf in Resources */,
				74DD21EF2B9ED3530048ED53 /* Metropolis-Light.otf in Resources */,
				74DD21F82B9ED3530048ED53 /* Metropolis-SemiBold.otf in Resources */,
				74DD21EA2B9ED3530048ED53 /* Metropolis-LightItalic.otf in Resources */,
				74DD21FC2B9ED3530048ED53 /* Metropolis-MediumItalic.otf in Resources */,
				74DD21F52B9ED3530048ED53 /* Metropolis-SemiBoldItalic.otf in Resources */,
				74DD21F72B9ED3530048ED53 /* Metropolis-ExtraBoldItalic.otf in Resources */,
				74DD21F92B9ED3530048ED53 /* Metropolis-Regular.otf in Resources */,
				74C35BB82B9B295D00085B09 /* CollectionViewCell.xib in Resources */,
				74DD21EB2B9ED3530048ED53 /* Metropolis-BlackItalic.otf in Resources */,
				74DD21D42B9ED33B0048ED53 /* LondrinaSolid-Regular.ttf in Resources */,
				74C35B8B2B9B0C2200085B09 /* Main.storyboard in Resources */,
			);
			runOnlyForDeploymentPostprocessing = 0;
		};
		74C35B942B9B0C2400085B09 /* Resources */ = {
			isa = PBXResourcesBuildPhase;
			buildActionMask = 2147483647;
			files = (
			);
			runOnlyForDeploymentPostprocessing = 0;
		};
		74C35B9E2B9B0C2400085B09 /* Resources */ = {
			isa = PBXResourcesBuildPhase;
			buildActionMask = 2147483647;
			files = (
			);
			runOnlyForDeploymentPostprocessing = 0;
		};
/* End PBXResourcesBuildPhase section */

/* Begin PBXSourcesBuildPhase section */
		74C35B7C2B9B0C2200085B09 /* Sources */ = {
			isa = PBXSourcesBuildPhase;
			buildActionMask = 2147483647;
			files = (
				74DD22012B9EDC030048ED53 /* HomeScreenBentoboxController.swift in Sources */,
				74C35BB72B9B295D00085B09 /* CollectionViewCell.swift in Sources */,
				74C35B882B9B0C2200085B09 /* OnboardingController.swift in Sources */,
				74EFFCCD2B9B3A65003B03E4 /* OnboardData.swift in Sources */,
				74C35B842B9B0C2200085B09 /* AppDelegate.swift in Sources */,
				74EFFCCF2B9B3B18003B03E4 /* OnboardBrain.swift in Sources */,
				74C35B862B9B0C2200085B09 /* SceneDelegate.swift in Sources */,
			);
			runOnlyForDeploymentPostprocessing = 0;
		};
		74C35B922B9B0C2400085B09 /* Sources */ = {
			isa = PBXSourcesBuildPhase;
			buildActionMask = 2147483647;
			files = (
				74C35B9B2B9B0C2400085B09 /* Locco_sliderTests.swift in Sources */,
			);
			runOnlyForDeploymentPostprocessing = 0;
		};
		74C35B9C2B9B0C2400085B09 /* Sources */ = {
			isa = PBXSourcesBuildPhase;
			buildActionMask = 2147483647;
			files = (
				74C35BA72B9B0C2400085B09 /* Locco_sliderUITestsLaunchTests.swift in Sources */,
				74C35BA52B9B0C2400085B09 /* Locco_sliderUITests.swift in Sources */,
			);
			runOnlyForDeploymentPostprocessing = 0;
		};
/* End PBXSourcesBuildPhase section */

/* Begin PBXTargetDependency section */
		74C35B982B9B0C2400085B09 /* PBXTargetDependency */ = {
			isa = PBXTargetDependency;
			target = 74C35B7F2B9B0C2200085B09 /* Locco slider */;
			targetProxy = 74C35B972B9B0C2400085B09 /* PBXContainerItemProxy */;
		};
		74C35BA22B9B0C2400085B09 /* PBXTargetDependency */ = {
			isa = PBXTargetDependency;
			target = 74C35B7F2B9B0C2200085B09 /* Locco slider */;
			targetProxy = 74C35BA12B9B0C2400085B09 /* PBXContainerItemProxy */;
		};
/* End PBXTargetDependency section */

/* Begin PBXVariantGroup section */
		74C35B892B9B0C2200085B09 /* Main.storyboard */ = {
			isa = PBXVariantGroup;
			children = (
				74C35B8A2B9B0C2200085B09 /* Base */,
			);
			name = Main.storyboard;
			sourceTree = "<group>";
		};
		74C35B8E2B9B0C2400085B09 /* LaunchScreen.storyboard */ = {
			isa = PBXVariantGroup;
			children = (
				74C35B8F2B9B0C2400085B09 /* Base */,
			);
			name = LaunchScreen.storyboard;
			sourceTree = "<group>";
		};
/* End PBXVariantGroup section */

/* Begin XCBuildConfiguration section */
		74C35BA82B9B0C2400085B09 /* Debug */ = {
			isa = XCBuildConfiguration;
			buildSettings = {
				ALWAYS_SEARCH_USER_PATHS = NO;
				ASSETCATALOG_COMPILER_GENERATE_SWIFT_ASSET_SYMBOL_EXTENSIONS = YES;
				CLANG_ANALYZER_NONNULL = YES;
				CLANG_ANALYZER_NUMBER_OBJECT_CONVERSION = YES_AGGRESSIVE;
				CLANG_CXX_LANGUAGE_STANDARD = "gnu++20";
				CLANG_ENABLE_MODULES = YES;
				CLANG_ENABLE_OBJC_ARC = YES;
				CLANG_ENABLE_OBJC_WEAK = YES;
				CLANG_WARN_BLOCK_CAPTURE_AUTORELEASING = YES;
				CLANG_WARN_BOOL_CONVERSION = YES;
				CLANG_WARN_COMMA = YES;
				CLANG_WARN_CONSTANT_CONVERSION = YES;
				CLANG_WARN_DEPRECATED_OBJC_IMPLEMENTATIONS = YES;
				CLANG_WARN_DIRECT_OBJC_ISA_USAGE = YES_ERROR;
				CLANG_WARN_DOCUMENTATION_COMMENTS = YES;
				CLANG_WARN_EMPTY_BODY = YES;
				CLANG_WARN_ENUM_CONVERSION = YES;
				CLANG_WARN_INFINITE_RECURSION = YES;
				CLANG_WARN_INT_CONVERSION = YES;
				CLANG_WARN_NON_LITERAL_NULL_CONVERSION = YES;
				CLANG_WARN_OBJC_IMPLICIT_RETAIN_SELF = YES;
				CLANG_WARN_OBJC_LITERAL_CONVERSION = YES;
				CLANG_WARN_OBJC_ROOT_CLASS = YES_ERROR;
				CLANG_WARN_QUOTED_INCLUDE_IN_FRAMEWORK_HEADER = YES;
				CLANG_WARN_RANGE_LOOP_ANALYSIS = YES;
				CLANG_WARN_STRICT_PROTOTYPES = YES;
				CLANG_WARN_SUSPICIOUS_MOVE = YES;
				CLANG_WARN_UNGUARDED_AVAILABILITY = YES_AGGRESSIVE;
				CLANG_WARN_UNREACHABLE_CODE = YES;
				CLANG_WARN__DUPLICATE_METHOD_MATCH = YES;
				COPY_PHASE_STRIP = NO;
				DEBUG_INFORMATION_FORMAT = dwarf;
				ENABLE_STRICT_OBJC_MSGSEND = YES;
				ENABLE_TESTABILITY = YES;
				ENABLE_USER_SCRIPT_SANDBOXING = YES;
				GCC_C_LANGUAGE_STANDARD = gnu17;
				GCC_DYNAMIC_NO_PIC = NO;
				GCC_NO_COMMON_BLOCKS = YES;
				GCC_OPTIMIZATION_LEVEL = 0;
				GCC_PREPROCESSOR_DEFINITIONS = (
					"DEBUG=1",
					"$(inherited)",
				);
				GCC_WARN_64_TO_32_BIT_CONVERSION = YES;
				GCC_WARN_ABOUT_RETURN_TYPE = YES_ERROR;
				GCC_WARN_UNDECLARED_SELECTOR = YES;
				GCC_WARN_UNINITIALIZED_AUTOS = YES_AGGRESSIVE;
				GCC_WARN_UNUSED_FUNCTION = YES;
				GCC_WARN_UNUSED_VARIABLE = YES;
				IPHONEOS_DEPLOYMENT_TARGET = 17.2;
				LOCALIZATION_PREFERS_STRING_CATALOGS = YES;
				MTL_ENABLE_DEBUG_INFO = INCLUDE_SOURCE;
				MTL_FAST_MATH = YES;
				ONLY_ACTIVE_ARCH = YES;
				SDKROOT = iphoneos;
				SWIFT_ACTIVE_COMPILATION_CONDITIONS = "DEBUG $(inherited)";
				SWIFT_OPTIMIZATION_LEVEL = "-Onone";
			};
			name = Debug;
		};
		74C35BA92B9B0C2400085B09 /* Release */ = {
			isa = XCBuildConfiguration;
			buildSettings = {
				ALWAYS_SEARCH_USER_PATHS = NO;
				ASSETCATALOG_COMPILER_GENERATE_SWIFT_ASSET_SYMBOL_EXTENSIONS = YES;
				CLANG_ANALYZER_NONNULL = YES;
				CLANG_ANALYZER_NUMBER_OBJECT_CONVERSION = YES_AGGRESSIVE;
				CLANG_CXX_LANGUAGE_STANDARD = "gnu++20";
				CLANG_ENABLE_MODULES = YES;
				CLANG_ENABLE_OBJC_ARC = YES;
				CLANG_ENABLE_OBJC_WEAK = YES;
				CLANG_WARN_BLOCK_CAPTURE_AUTORELEASING = YES;
				CLANG_WARN_BOOL_CONVERSION = YES;
				CLANG_WARN_COMMA = YES;
				CLANG_WARN_CONSTANT_CONVERSION = YES;
				CLANG_WARN_DEPRECATED_OBJC_IMPLEMENTATIONS = YES;
				CLANG_WARN_DIRECT_OBJC_ISA_USAGE = YES_ERROR;
				CLANG_WARN_DOCUMENTATION_COMMENTS = YES;
				CLANG_WARN_EMPTY_BODY = YES;
				CLANG_WARN_ENUM_CONVERSION = YES;
				CLANG_WARN_INFINITE_RECURSION = YES;
				CLANG_WARN_INT_CONVERSION = YES;
				CLANG_WARN_NON_LITERAL_NULL_CONVERSION = YES;
				CLANG_WARN_OBJC_IMPLICIT_RETAIN_SELF = YES;
				CLANG_WARN_OBJC_LITERAL_CONVERSION = YES;
				CLANG_WARN_OBJC_ROOT_CLASS = YES_ERROR;
				CLANG_WARN_QUOTED_INCLUDE_IN_FRAMEWORK_HEADER = YES;
				CLANG_WARN_RANGE_LOOP_ANALYSIS = YES;
				CLANG_WARN_STRICT_PROTOTYPES = YES;
				CLANG_WARN_SUSPICIOUS_MOVE = YES;
				CLANG_WARN_UNGUARDED_AVAILABILITY = YES_AGGRESSIVE;
				CLANG_WARN_UNREACHABLE_CODE = YES;
				CLANG_WARN__DUPLICATE_METHOD_MATCH = YES;
				COPY_PHASE_STRIP = NO;
				DEBUG_INFORMATION_FORMAT = "dwarf-with-dsym";
				ENABLE_NS_ASSERTIONS = NO;
				ENABLE_STRICT_OBJC_MSGSEND = YES;
				ENABLE_USER_SCRIPT_SANDBOXING = YES;
				GCC_C_LANGUAGE_STANDARD = gnu17;
				GCC_NO_COMMON_BLOCKS = YES;
				GCC_WARN_64_TO_32_BIT_CONVERSION = YES;
				GCC_WARN_ABOUT_RETURN_TYPE = YES_ERROR;
				GCC_WARN_UNDECLARED_SELECTOR = YES;
				GCC_WARN_UNINITIALIZED_AUTOS = YES_AGGRESSIVE;
				GCC_WARN_UNUSED_FUNCTION = YES;
				GCC_WARN_UNUSED_VARIABLE = YES;
				IPHONEOS_DEPLOYMENT_TARGET = 17.2;
				LOCALIZATION_PREFERS_STRING_CATALOGS = YES;
				MTL_ENABLE_DEBUG_INFO = NO;
				MTL_FAST_MATH = YES;
				SDKROOT = iphoneos;
				SWIFT_COMPILATION_MODE = wholemodule;
				VALIDATE_PRODUCT = YES;
			};
			name = Release;
		};
		74C35BAB2B9B0C2400085B09 /* Debug */ = {
			isa = XCBuildConfiguration;
			buildSettings = {
				ASSETCATALOG_COMPILER_APPICON_NAME = AppIcon;
				ASSETCATALOG_COMPILER_GLOBAL_ACCENT_COLOR_NAME = AccentColor;
				CODE_SIGN_STYLE = Automatic;
				CURRENT_PROJECT_VERSION = 1;
				GENERATE_INFOPLIST_FILE = YES;
				INFOPLIST_FILE = "Locco slider/Info.plist";
				INFOPLIST_KEY_UIApplicationSupportsIndirectInputEvents = YES;
				INFOPLIST_KEY_UILaunchStoryboardName = LaunchScreen;
				INFOPLIST_KEY_UIMainStoryboardFile = Main;
				INFOPLIST_KEY_UISupportedInterfaceOrientations_iPad = "UIInterfaceOrientationPortrait UIInterfaceOrientationPortraitUpsideDown UIInterfaceOrientationLandscapeLeft UIInterfaceOrientationLandscapeRight";
				INFOPLIST_KEY_UISupportedInterfaceOrientations_iPhone = "UIInterfaceOrientationPortrait UIInterfaceOrientationLandscapeLeft UIInterfaceOrientationLandscapeRight";
				LD_RUNPATH_SEARCH_PATHS = (
					"$(inherited)",
					"@executable_path/Frameworks",
				);
				MARKETING_VERSION = 1.0;
				PRODUCT_BUNDLE_IDENTIFIER = "com.zignuts.Locco-slider";
				PRODUCT_NAME = "$(TARGET_NAME)";
				SWIFT_EMIT_LOC_STRINGS = YES;
				SWIFT_VERSION = 5.0;
				TARGETED_DEVICE_FAMILY = "1,2";
			};
			name = Debug;
		};
		74C35BAC2B9B0C2400085B09 /* Release */ = {
			isa = XCBuildConfiguration;
			buildSettings = {
				ASSETCATALOG_COMPILER_APPICON_NAME = AppIcon;
				ASSETCATALOG_COMPILER_GLOBAL_ACCENT_COLOR_NAME = AccentColor;
				CODE_SIGN_STYLE = Automatic;
				CURRENT_PROJECT_VERSION = 1;
				GENERATE_INFOPLIST_FILE = YES;
				INFOPLIST_FILE = "Locco slider/Info.plist";
				INFOPLIST_KEY_UIApplicationSupportsIndirectInputEvents = YES;
				INFOPLIST_KEY_UILaunchStoryboardName = LaunchScreen;
				INFOPLIST_KEY_UIMainStoryboardFile = Main;
				INFOPLIST_KEY_UISupportedInterfaceOrientations_iPad = "UIInterfaceOrientationPortrait UIInterfaceOrientationPortraitUpsideDown UIInterfaceOrientationLandscapeLeft UIInterfaceOrientationLandscapeRight";
				INFOPLIST_KEY_UISupportedInterfaceOrientations_iPhone = "UIInterfaceOrientationPortrait UIInterfaceOrientationLandscapeLeft UIInterfaceOrientationLandscapeRight";
				LD_RUNPATH_SEARCH_PATHS = (
					"$(inherited)",
					"@executable_path/Frameworks",
				);
				MARKETING_VERSION = 1.0;
				PRODUCT_BUNDLE_IDENTIFIER = "com.zignuts.Locco-slider";
				PRODUCT_NAME = "$(TARGET_NAME)";
				SWIFT_EMIT_LOC_STRINGS = YES;
				SWIFT_VERSION = 5.0;
				TARGETED_DEVICE_FAMILY = "1,2";
			};
			name = Release;
		};
		74C35BAE2B9B0C2400085B09 /* Debug */ = {
			isa = XCBuildConfiguration;
			buildSettings = {
				ALWAYS_EMBED_SWIFT_STANDARD_LIBRARIES = YES;
				BUNDLE_LOADER = "$(TEST_HOST)";
				CODE_SIGN_STYLE = Automatic;
				CURRENT_PROJECT_VERSION = 1;
				GENERATE_INFOPLIST_FILE = YES;
				IPHONEOS_DEPLOYMENT_TARGET = 17.2;
				MARKETING_VERSION = 1.0;
				PRODUCT_BUNDLE_IDENTIFIER = "com.zignuts.Locco-sliderTests";
				PRODUCT_NAME = "$(TARGET_NAME)";
				SWIFT_EMIT_LOC_STRINGS = NO;
				SWIFT_VERSION = 5.0;
				TARGETED_DEVICE_FAMILY = "1,2";
				TEST_HOST = "$(BUILT_PRODUCTS_DIR)/Locco slider.app/$(BUNDLE_EXECUTABLE_FOLDER_PATH)/Locco slider";
			};
			name = Debug;
		};
		74C35BAF2B9B0C2400085B09 /* Release */ = {
			isa = XCBuildConfiguration;
			buildSettings = {
				ALWAYS_EMBED_SWIFT_STANDARD_LIBRARIES = YES;
				BUNDLE_LOADER = "$(TEST_HOST)";
				CODE_SIGN_STYLE = Automatic;
				CURRENT_PROJECT_VERSION = 1;
				GENERATE_INFOPLIST_FILE = YES;
				IPHONEOS_DEPLOYMENT_TARGET = 17.2;
				MARKETING_VERSION = 1.0;
				PRODUCT_BUNDLE_IDENTIFIER = "com.zignuts.Locco-sliderTests";
				PRODUCT_NAME = "$(TARGET_NAME)";
				SWIFT_EMIT_LOC_STRINGS = NO;
				SWIFT_VERSION = 5.0;
				TARGETED_DEVICE_FAMILY = "1,2";
				TEST_HOST = "$(BUILT_PRODUCTS_DIR)/Locco slider.app/$(BUNDLE_EXECUTABLE_FOLDER_PATH)/Locco slider";
			};
			name = Release;
		};
		74C35BB12B9B0C2400085B09 /* Debug */ = {
			isa = XCBuildConfiguration;
			buildSettings = {
				ALWAYS_EMBED_SWIFT_STANDARD_LIBRARIES = YES;
				CODE_SIGN_STYLE = Automatic;
				CURRENT_PROJECT_VERSION = 1;
				GENERATE_INFOPLIST_FILE = YES;
				MARKETING_VERSION = 1.0;
				PRODUCT_BUNDLE_IDENTIFIER = "com.zignuts.Locco-sliderUITests";
				PRODUCT_NAME = "$(TARGET_NAME)";
				SWIFT_EMIT_LOC_STRINGS = NO;
				SWIFT_VERSION = 5.0;
				TARGETED_DEVICE_FAMILY = "1,2";
				TEST_TARGET_NAME = "Locco slider";
			};
			name = Debug;
		};
		74C35BB22B9B0C2400085B09 /* Release */ = {
			isa = XCBuildConfiguration;
			buildSettings = {
				ALWAYS_EMBED_SWIFT_STANDARD_LIBRARIES = YES;
				CODE_SIGN_STYLE = Automatic;
				CURRENT_PROJECT_VERSION = 1;
				GENERATE_INFOPLIST_FILE = YES;
				MARKETING_VERSION = 1.0;
				PRODUCT_BUNDLE_IDENTIFIER = "com.zignuts.Locco-sliderUITests";
				PRODUCT_NAME = "$(TARGET_NAME)";
				SWIFT_EMIT_LOC_STRINGS = NO;
				SWIFT_VERSION = 5.0;
				TARGETED_DEVICE_FAMILY = "1,2";
				TEST_TARGET_NAME = "Locco slider";
			};
			name = Release;
		};
/* End XCBuildConfiguration section */

/* Begin XCConfigurationList section */
		74C35B7B2B9B0C2200085B09 /* Build configuration list for PBXProject "Locco slider" */ = {
			isa = XCConfigurationList;
			buildConfigurations = (
				74C35BA82B9B0C2400085B09 /* Debug */,
				74C35BA92B9B0C2400085B09 /* Release */,
			);
			defaultConfigurationIsVisible = 0;
			defaultConfigurationName = Release;
		};
		74C35BAA2B9B0C2400085B09 /* Build configuration list for PBXNativeTarget "Locco slider" */ = {
			isa = XCConfigurationList;
			buildConfigurations = (
				74C35BAB2B9B0C2400085B09 /* Debug */,
				74C35BAC2B9B0C2400085B09 /* Release */,
			);
			defaultConfigurationIsVisible = 0;
			defaultConfigurationName = Release;
		};
		74C35BAD2B9B0C2400085B09 /* Build configuration list for PBXNativeTarget "Locco sliderTests" */ = {
			isa = XCConfigurationList;
			buildConfigurations = (
				74C35BAE2B9B0C2400085B09 /* Debug */,
				74C35BAF2B9B0C2400085B09 /* Release */,
			);
			defaultConfigurationIsVisible = 0;
			defaultConfigurationName = Release;
		};
		74C35BB02B9B0C2400085B09 /* Build configuration list for PBXNativeTarget "Locco sliderUITests" */ = {
			isa = XCConfigurationList;
			buildConfigurations = (
				74C35BB12B9B0C2400085B09 /* Debug */,
				74C35BB22B9B0C2400085B09 /* Release */,
			);
			defaultConfigurationIsVisible = 0;
			defaultConfigurationName = Release;
		};
/* End XCConfigurationList section */
	};
	rootObject = 74C35B782B9B0C2200085B09 /* Project object */;
}
